
Microsoft Visual Studio Solution File, Format Version 12.00
# Visual Studio Version 17
VisualStudioVersion = 17.0.31903.59
MinimumVisualStudioVersion = 10.0.40219.1
Project("{2150E333-8FDC-42A3-9474-1A3956D46DE8}") = "src", "src", "{5F61BDCE-036B-488A-9D45-EC57B84D7509}"
EndProject
Project("{FAE04EC0-301F-11D3-BF4B-00C04F79EFBC}") = "SGrab", "src\SGrab\SGrab.csproj", "{64CAEBBC-8D35-4D58-8C43-BC42D541864C}"
EndProject
Project("{2150E333-8FDC-42A3-9474-1A3956D46DE8}") = "tests", "tests", "{5EDC39A6-5960-4FAA-8FDD-3C8E425BDF2E}"
EndProject
Project("{FAE04EC0-301F-11D3-BF4B-00C04F79EFBC}") = "SGrab.Tests", "tests\SGrab.Tests\SGrab.Tests.csproj", "{07045235-F1C6-4EDA-911A-24C3A56338E7}"
EndProject
Global
	GlobalSection(SolutionConfigurationPlatforms) = preSolution
		Debug|Any CPU = Debug|Any CPU
		Release|Any CPU = Release|Any CPU
	EndGlobalSection
	GlobalSection(SolutionProperties) = preSolution
		HideSolutionNode = FALSE
	EndGlobalSection
	GlobalSection(ProjectConfigurationPlatforms) = postSolution
		{64CAEBBC-8D35-4D58-8C43-BC42D541864C}.Debug|Any CPU.ActiveCfg = Debug|Any CPU
		{64CAEBBC-8D35-4D58-8C43-BC42D541864C}.Debug|Any CPU.Build.0 = Debug|Any CPU
		{64CAEBBC-8D35-4D58-8C43-BC42D541864C}.Release|Any CPU.ActiveCfg = Release|Any CPU
		{64CAEBBC-8D35-4D58-8C43-BC42D541864C}.Release|Any CPU.Build.0 = Release|Any CPU
		{07045235-F1C6-4EDA-911A-24C3A56338E7}.Debug|Any CPU.ActiveCfg = Debug|Any CPU
		{07045235-F1C6-4EDA-911A-24C3A56338E7}.Debug|Any CPU.Build.0 = Debug|Any CPU
		{07045235-F1C6-4EDA-911A-24C3A56338E7}.Release|Any CPU.ActiveCfg = Release|Any CPU
		{07045235-F1C6-4EDA-911A-24C3A56338E7}.Release|Any CPU.Build.0 = Release|Any CPU
	EndGlobalSection
	GlobalSection(NestedProjects) = preSolution
		{64CAEBBC-8D35-4D58-8C43-BC42D541864C} = {5F61BDCE-036B-488A-9D45-EC57B84D7509}
		{07045235-F1C6-4EDA-911A-24C3A56338E7} = {5EDC39A6-5960-4FAA-8FDD-3C8E425BDF2E}
	EndGlobalSection
EndGlobal
